
Microsoft Visual Studio Solution File, Format Version 12.00
# Visual Studio 2017
Project("{FAE04EC0-301F-11D3-BF4B-00C04F79EFBC}") = "DrawWithGaze", "DrawWithGaze.csproj", "{30F30885-2666-566C-B84F-B4586671595A}"
EndProject
Project("{FAE04EC0-301F-11D3-BF4B-00C04F79EFBC}") = "DrawWithGaze.Editor", "DrawWithGaze.Editor.csproj", "{7223C920-B9E3-6C84-9606-3943ABC0519B}"
EndProject
Global
	GlobalSection(SolutionConfigurationPlatforms) = preSolution
		Debug|Any CPU = Debug|Any CPU
		Release|Any CPU = Release|Any CPU
	EndGlobalSection
	GlobalSection(ProjectConfigurationPlatforms) = postSolution
		{30F30885-2666-566C-B84F-B4586671595A}.Debug|Any CPU.ActiveCfg = Debug|Any CPU
		{30F30885-2666-566C-B84F-B4586671595A}.Debug|Any CPU.Build.0 = Debug|Any CPU
		{30F30885-2666-566C-B84F-B4586671595A}.Release|Any CPU.ActiveCfg = Release|Any CPU
		{30F30885-2666-566C-B84F-B4586671595A}.Release|Any CPU.Build.0 = Release|Any CPU
		{7223C920-B9E3-6C84-9606-3943ABC0519B}.Debug|Any CPU.ActiveCfg = Debug|Any CPU
		{7223C920-B9E3-6C84-9606-3943ABC0519B}.Debug|Any CPU.Build.0 = Debug|Any CPU
		{7223C920-B9E3-6C84-9606-3943ABC0519B}.Release|Any CPU.ActiveCfg = Release|Any CPU
		{7223C920-B9E3-6C84-9606-3943ABC0519B}.Release|Any CPU.Build.0 = Release|Any CPU
	EndGlobalSection
	GlobalSection(SolutionProperties) = preSolution
		HideSolutionNode = FALSE
	EndGlobalSection
EndGlobal
